
Microsoft Visual Studio Solution File, Format Version 12.00
# Visual Studio Version 16
VisualStudioVersion = 16.0.31025.194
MinimumVisualStudioVersion = 10.0.40219.1
Project("{9A19103F-16F7-4668-BE54-9A1E7A4F7556}") = "Week3.Task", "Week3.Task\Week3.Task.csproj", "{A3B5BC0D-7FCF-4C94-9885-9D4F992B50A1}"
EndProject
Project("{9A19103F-16F7-4668-BE54-9A1E7A4F7556}") = "Week4.Task", "Week4.Task\Week4.Task.csproj", "{BC5C6A3E-E21E-4443-AE56-F13BD3E0567F}"
EndProject
Project("{2150E333-8FDC-42A3-9474-1A3956D46DE8}") = "Tasks", "Tasks", "{628A5EA6-FC99-43D1-AAA5-59AFF1B04A11}"
EndProject
Project("{9A19103F-16F7-4668-BE54-9A1E7A4F7556}") = "Week5.Task", "Week5.Task\Week5.Task.csproj", "{1939B903-D443-42ED-941F-77855B6FC11E}"
EndProject
Project("{9A19103F-16F7-4668-BE54-9A1E7A4F7556}") = "Week6.Task", "Week6.Task\Week6.Task.csproj", "{98068C6D-3206-4478-9A90-6FF210743245}"
EndProject
Project("{9A19103F-16F7-4668-BE54-9A1E7A4F7556}") = "Week7.Task", "Week7.Task\Week7.Task.csproj", "{C05E79B3-872D-405E-B3DF-F4182F9BEC6E}"
EndProject
Global
	GlobalSection(SolutionConfigurationPlatforms) = preSolution
		Debug|Any CPU = Debug|Any CPU
		Release|Any CPU = Release|Any CPU
	EndGlobalSection
	GlobalSection(ProjectConfigurationPlatforms) = postSolution
		{A3B5BC0D-7FCF-4C94-9885-9D4F992B50A1}.Debug|Any CPU.ActiveCfg = Debug|Any CPU
		{A3B5BC0D-7FCF-4C94-9885-9D4F992B50A1}.Debug|Any CPU.Build.0 = Debug|Any CPU
		{A3B5BC0D-7FCF-4C94-9885-9D4F992B50A1}.Release|Any CPU.ActiveCfg = Release|Any CPU
		{A3B5BC0D-7FCF-4C94-9885-9D4F992B50A1}.Release|Any CPU.Build.0 = Release|Any CPU
		{BC5C6A3E-E21E-4443-AE56-F13BD3E0567F}.Debug|Any CPU.ActiveCfg = Debug|Any CPU
		{BC5C6A3E-E21E-4443-AE56-F13BD3E0567F}.Debug|Any CPU.Build.0 = Debug|Any CPU
		{BC5C6A3E-E21E-4443-AE56-F13BD3E0567F}.Release|Any CPU.ActiveCfg = Release|Any CPU
		{BC5C6A3E-E21E-4443-AE56-F13BD3E0567F}.Release|Any CPU.Build.0 = Release|Any CPU
		{1939B903-D443-42ED-941F-77855B6FC11E}.Debug|Any CPU.ActiveCfg = Debug|Any CPU
		{1939B903-D443-42ED-941F-77855B6FC11E}.Debug|Any CPU.Build.0 = Debug|Any CPU
		{1939B903-D443-42ED-941F-77855B6FC11E}.Release|Any CPU.ActiveCfg = Release|Any CPU
		{1939B903-D443-42ED-941F-77855B6FC11E}.Release|Any CPU.Build.0 = Release|Any CPU
		{98068C6D-3206-4478-9A90-6FF210743245}.Debug|Any CPU.ActiveCfg = Debug|Any CPU
		{98068C6D-3206-4478-9A90-6FF210743245}.Debug|Any CPU.Build.0 = Debug|Any CPU
		{98068C6D-3206-4478-9A90-6FF210743245}.Release|Any CPU.ActiveCfg = Release|Any CPU
		{98068C6D-3206-4478-9A90-6FF210743245}.Release|Any CPU.Build.0 = Release|Any CPU
		{C05E79B3-872D-405E-B3DF-F4182F9BEC6E}.Debug|Any CPU.ActiveCfg = Debug|Any CPU
		{C05E79B3-872D-405E-B3DF-F4182F9BEC6E}.Debug|Any CPU.Build.0 = Debug|Any CPU
		{C05E79B3-872D-405E-B3DF-F4182F9BEC6E}.Release|Any CPU.ActiveCfg = Release|Any CPU
		{C05E79B3-872D-405E-B3DF-F4182F9BEC6E}.Release|Any CPU.Build.0 = Release|Any CPU
	EndGlobalSection
	GlobalSection(SolutionProperties) = preSolution
		HideSolutionNode = FALSE
	EndGlobalSection
	GlobalSection(NestedProjects) = preSolution
		{A3B5BC0D-7FCF-4C94-9885-9D4F992B50A1} = {628A5EA6-FC99-43D1-AAA5-59AFF1B04A11}
		{BC5C6A3E-E21E-4443-AE56-F13BD3E0567F} = {628A5EA6-FC99-43D1-AAA5-59AFF1B04A11}
		{1939B903-D443-42ED-941F-77855B6FC11E} = {628A5EA6-FC99-43D1-AAA5-59AFF1B04A11}
		{98068C6D-3206-4478-9A90-6FF210743245} = {628A5EA6-FC99-43D1-AAA5-59AFF1B04A11}
		{C05E79B3-872D-405E-B3DF-F4182F9BEC6E} = {628A5EA6-FC99-43D1-AAA5-59AFF1B04A11}
	EndGlobalSection
	GlobalSection(ExtensibilityGlobals) = postSolution
		SolutionGuid = {CEE43466-B39B-47F8-A9CB-9331C33562EE}
	EndGlobalSection
EndGlobal
