
Microsoft Visual Studio Solution File, Format Version 12.00
# Visual Studio Version 16
VisualStudioVersion = 16.0.31025.194
MinimumVisualStudioVersion = 10.0.40219.1
Project("{2150E333-8FDC-42A3-9474-1A3956D46DE8}") = "ConsoleTasks", "ConsoleTasks", "{628A5EA6-FC99-43D1-AAA5-59AFF1B04A11}"
EndProject
Project("{9A19103F-16F7-4668-BE54-9A1E7A4F7556}") = "Week3.Task", "ConsoleTasks\Week3.Task\Week3.Task.csproj", "{BC91616A-726E-4621-ABA7-083045C9F59B}"
EndProject
Project("{9A19103F-16F7-4668-BE54-9A1E7A4F7556}") = "Week4.Task", "ConsoleTasks\Week4.Task\Week4.Task.csproj", "{49ED93DF-B0EE-4533-AD5E-D6EEB7FE1A83}"
EndProject
Project("{9A19103F-16F7-4668-BE54-9A1E7A4F7556}") = "Week5.Task", "ConsoleTasks\Week5.Task\Week5.Task.csproj", "{76D345DA-A905-4AA5-BAAD-5B75B5B457AF}"
EndProject
Project("{9A19103F-16F7-4668-BE54-9A1E7A4F7556}") = "Week6.Task", "ConsoleTasks\Week6.Task\Week6.Task.csproj", "{58D90ADE-B792-4D90-8982-99395204F313}"
EndProject
Project("{9A19103F-16F7-4668-BE54-9A1E7A4F7556}") = "Week7.Task", "ConsoleTasks\Week7.Task\Week7.Task.csproj", "{AF287F81-39C9-459B-BC01-1AE6635CFA00}"
EndProject
Project("{2150E333-8FDC-42A3-9474-1A3956D46DE8}") = "FormTasks", "FormTasks", "{A251BCE0-87B2-4A98-93F6-C4FF732B70F6}"
EndProject
Project("{9A19103F-16F7-4668-BE54-9A1E7A4F7556}") = "Calculator", "FormTasks\Calculator\Calculator.csproj", "{F791F50B-7999-48C3-8C01-7A9D8B0C4061}"
EndProject
Project("{9A19103F-16F7-4668-BE54-9A1E7A4F7556}") = "CustomerAdd", "FormTasks\CustomerAdd\CustomerAdd.csproj", "{4433EDC5-E5DC-4170-B81A-A708384121DC}"
EndProject
Project("{9A19103F-16F7-4668-BE54-9A1E7A4F7556}") = "BookStock", "FormTasks\BookStock\BookStock.csproj", "{96A7D07C-A209-4EDA-BC28-49F303E66701}"
EndProject
Project("{9A19103F-16F7-4668-BE54-9A1E7A4F7556}") = "OdenisHesaplama", "FormTasks\OdenisHesaplama\OdenisHesaplama.csproj", "{CD581CB9-8380-42AC-9133-EDFBCC2ABA57}"
EndProject
Project("{9A19103F-16F7-4668-BE54-9A1E7A4F7556}") = "PoolCalculation", "FormTasks\PoolCalculation\PoolCalculation.csproj", "{A6C795A2-CED8-4BD2-97D8-1EFCDB4E79B1}"
EndProject
Project("{9A19103F-16F7-4668-BE54-9A1E7A4F7556}") = "PizzaOrder", "FormTasks\PizzaOrder\PizzaOrder.csproj", "{C6A41EA2-2CD9-477E-864A-C26BC2E7CB51}"
EndProject
Project("{9A19103F-16F7-4668-BE54-9A1E7A4F7556}") = "TodoAppForm", "FormTasks\TodoAppForm\TodoAppForm.csproj", "{9D0CDC89-DF07-4CE8-8320-F469A4450302}"
EndProject
Project("{9A19103F-16F7-4668-BE54-9A1E7A4F7556}") = "Week10.Task", "ConsoleTasks\Week10.Task\Week10.Task.csproj", "{136AC495-EDCE-4A7A-B04F-B5D4EF8DB76B}"
EndProject
Project("{9A19103F-16F7-4668-BE54-9A1E7A4F7556}") = "FolderFileTask", "FormTasks\FolderFileTask\FolderFileTask.csproj", "{839B89D8-B963-4EEE-A7E2-3CB7AC0B3AAD}"
EndProject
Project("{FAE04EC0-301F-11D3-BF4B-00C04F79EFBC}") = "Week11.01.Task", "ConsoleTasks\Week11.01.Task\Week11.01.Task.csproj", "{1F78D3D2-B944-4E10-9018-896F7F4E5822}"
EndProject
Global
	GlobalSection(SolutionConfigurationPlatforms) = preSolution
		Debug|Any CPU = Debug|Any CPU
		Release|Any CPU = Release|Any CPU
	EndGlobalSection
	GlobalSection(ProjectConfigurationPlatforms) = postSolution
		{BC91616A-726E-4621-ABA7-083045C9F59B}.Debug|Any CPU.ActiveCfg = Debug|Any CPU
		{BC91616A-726E-4621-ABA7-083045C9F59B}.Debug|Any CPU.Build.0 = Debug|Any CPU
		{BC91616A-726E-4621-ABA7-083045C9F59B}.Release|Any CPU.ActiveCfg = Release|Any CPU
		{BC91616A-726E-4621-ABA7-083045C9F59B}.Release|Any CPU.Build.0 = Release|Any CPU
		{49ED93DF-B0EE-4533-AD5E-D6EEB7FE1A83}.Debug|Any CPU.ActiveCfg = Debug|Any CPU
		{49ED93DF-B0EE-4533-AD5E-D6EEB7FE1A83}.Debug|Any CPU.Build.0 = Debug|Any CPU
		{49ED93DF-B0EE-4533-AD5E-D6EEB7FE1A83}.Release|Any CPU.ActiveCfg = Release|Any CPU
		{49ED93DF-B0EE-4533-AD5E-D6EEB7FE1A83}.Release|Any CPU.Build.0 = Release|Any CPU
		{76D345DA-A905-4AA5-BAAD-5B75B5B457AF}.Debug|Any CPU.ActiveCfg = Debug|Any CPU
		{76D345DA-A905-4AA5-BAAD-5B75B5B457AF}.Debug|Any CPU.Build.0 = Debug|Any CPU
		{76D345DA-A905-4AA5-BAAD-5B75B5B457AF}.Release|Any CPU.ActiveCfg = Release|Any CPU
		{76D345DA-A905-4AA5-BAAD-5B75B5B457AF}.Release|Any CPU.Build.0 = Release|Any CPU
		{58D90ADE-B792-4D90-8982-99395204F313}.Debug|Any CPU.ActiveCfg = Debug|Any CPU
		{58D90ADE-B792-4D90-8982-99395204F313}.Debug|Any CPU.Build.0 = Debug|Any CPU
		{58D90ADE-B792-4D90-8982-99395204F313}.Release|Any CPU.ActiveCfg = Release|Any CPU
		{58D90ADE-B792-4D90-8982-99395204F313}.Release|Any CPU.Build.0 = Release|Any CPU
		{AF287F81-39C9-459B-BC01-1AE6635CFA00}.Debug|Any CPU.ActiveCfg = Debug|Any CPU
		{AF287F81-39C9-459B-BC01-1AE6635CFA00}.Debug|Any CPU.Build.0 = Debug|Any CPU
		{AF287F81-39C9-459B-BC01-1AE6635CFA00}.Release|Any CPU.ActiveCfg = Release|Any CPU
		{AF287F81-39C9-459B-BC01-1AE6635CFA00}.Release|Any CPU.Build.0 = Release|Any CPU
		{F791F50B-7999-48C3-8C01-7A9D8B0C4061}.Debug|Any CPU.ActiveCfg = Debug|Any CPU
		{F791F50B-7999-48C3-8C01-7A9D8B0C4061}.Debug|Any CPU.Build.0 = Debug|Any CPU
		{F791F50B-7999-48C3-8C01-7A9D8B0C4061}.Release|Any CPU.ActiveCfg = Release|Any CPU
		{F791F50B-7999-48C3-8C01-7A9D8B0C4061}.Release|Any CPU.Build.0 = Release|Any CPU
		{4433EDC5-E5DC-4170-B81A-A708384121DC}.Debug|Any CPU.ActiveCfg = Debug|Any CPU
		{4433EDC5-E5DC-4170-B81A-A708384121DC}.Debug|Any CPU.Build.0 = Debug|Any CPU
		{4433EDC5-E5DC-4170-B81A-A708384121DC}.Release|Any CPU.ActiveCfg = Release|Any CPU
		{4433EDC5-E5DC-4170-B81A-A708384121DC}.Release|Any CPU.Build.0 = Release|Any CPU
		{96A7D07C-A209-4EDA-BC28-49F303E66701}.Debug|Any CPU.ActiveCfg = Debug|Any CPU
		{96A7D07C-A209-4EDA-BC28-49F303E66701}.Debug|Any CPU.Build.0 = Debug|Any CPU
		{96A7D07C-A209-4EDA-BC28-49F303E66701}.Release|Any CPU.ActiveCfg = Release|Any CPU
		{96A7D07C-A209-4EDA-BC28-49F303E66701}.Release|Any CPU.Build.0 = Release|Any CPU
		{CD581CB9-8380-42AC-9133-EDFBCC2ABA57}.Debug|Any CPU.ActiveCfg = Debug|Any CPU
		{CD581CB9-8380-42AC-9133-EDFBCC2ABA57}.Debug|Any CPU.Build.0 = Debug|Any CPU
		{CD581CB9-8380-42AC-9133-EDFBCC2ABA57}.Release|Any CPU.ActiveCfg = Release|Any CPU
		{CD581CB9-8380-42AC-9133-EDFBCC2ABA57}.Release|Any CPU.Build.0 = Release|Any CPU
		{A6C795A2-CED8-4BD2-97D8-1EFCDB4E79B1}.Debug|Any CPU.ActiveCfg = Debug|Any CPU
		{A6C795A2-CED8-4BD2-97D8-1EFCDB4E79B1}.Debug|Any CPU.Build.0 = Debug|Any CPU
		{A6C795A2-CED8-4BD2-97D8-1EFCDB4E79B1}.Release|Any CPU.ActiveCfg = Release|Any CPU
		{A6C795A2-CED8-4BD2-97D8-1EFCDB4E79B1}.Release|Any CPU.Build.0 = Release|Any CPU
		{C6A41EA2-2CD9-477E-864A-C26BC2E7CB51}.Debug|Any CPU.ActiveCfg = Debug|Any CPU
		{C6A41EA2-2CD9-477E-864A-C26BC2E7CB51}.Debug|Any CPU.Build.0 = Debug|Any CPU
		{C6A41EA2-2CD9-477E-864A-C26BC2E7CB51}.Release|Any CPU.ActiveCfg = Release|Any CPU
		{C6A41EA2-2CD9-477E-864A-C26BC2E7CB51}.Release|Any CPU.Build.0 = Release|Any CPU
		{9D0CDC89-DF07-4CE8-8320-F469A4450302}.Debug|Any CPU.ActiveCfg = Debug|Any CPU
		{9D0CDC89-DF07-4CE8-8320-F469A4450302}.Debug|Any CPU.Build.0 = Debug|Any CPU
		{9D0CDC89-DF07-4CE8-8320-F469A4450302}.Release|Any CPU.ActiveCfg = Release|Any CPU
		{9D0CDC89-DF07-4CE8-8320-F469A4450302}.Release|Any CPU.Build.0 = Release|Any CPU
		{136AC495-EDCE-4A7A-B04F-B5D4EF8DB76B}.Debug|Any CPU.ActiveCfg = Debug|Any CPU
		{136AC495-EDCE-4A7A-B04F-B5D4EF8DB76B}.Debug|Any CPU.Build.0 = Debug|Any CPU
		{136AC495-EDCE-4A7A-B04F-B5D4EF8DB76B}.Release|Any CPU.ActiveCfg = Release|Any CPU
		{136AC495-EDCE-4A7A-B04F-B5D4EF8DB76B}.Release|Any CPU.Build.0 = Release|Any CPU
		{839B89D8-B963-4EEE-A7E2-3CB7AC0B3AAD}.Debug|Any CPU.ActiveCfg = Debug|Any CPU
		{839B89D8-B963-4EEE-A7E2-3CB7AC0B3AAD}.Debug|Any CPU.Build.0 = Debug|Any CPU
		{839B89D8-B963-4EEE-A7E2-3CB7AC0B3AAD}.Release|Any CPU.ActiveCfg = Release|Any CPU
		{839B89D8-B963-4EEE-A7E2-3CB7AC0B3AAD}.Release|Any CPU.Build.0 = Release|Any CPU
		{1F78D3D2-B944-4E10-9018-896F7F4E5822}.Debug|Any CPU.ActiveCfg = Debug|Any CPU
		{1F78D3D2-B944-4E10-9018-896F7F4E5822}.Debug|Any CPU.Build.0 = Debug|Any CPU
		{1F78D3D2-B944-4E10-9018-896F7F4E5822}.Release|Any CPU.ActiveCfg = Release|Any CPU
		{1F78D3D2-B944-4E10-9018-896F7F4E5822}.Release|Any CPU.Build.0 = Release|Any CPU
	EndGlobalSection
	GlobalSection(SolutionProperties) = preSolution
		HideSolutionNode = FALSE
	EndGlobalSection
	GlobalSection(NestedProjects) = preSolution
		{BC91616A-726E-4621-ABA7-083045C9F59B} = {628A5EA6-FC99-43D1-AAA5-59AFF1B04A11}
		{49ED93DF-B0EE-4533-AD5E-D6EEB7FE1A83} = {628A5EA6-FC99-43D1-AAA5-59AFF1B04A11}
		{76D345DA-A905-4AA5-BAAD-5B75B5B457AF} = {628A5EA6-FC99-43D1-AAA5-59AFF1B04A11}
		{58D90ADE-B792-4D90-8982-99395204F313} = {628A5EA6-FC99-43D1-AAA5-59AFF1B04A11}
		{AF287F81-39C9-459B-BC01-1AE6635CFA00} = {628A5EA6-FC99-43D1-AAA5-59AFF1B04A11}
		{F791F50B-7999-48C3-8C01-7A9D8B0C4061} = {A251BCE0-87B2-4A98-93F6-C4FF732B70F6}
		{4433EDC5-E5DC-4170-B81A-A708384121DC} = {A251BCE0-87B2-4A98-93F6-C4FF732B70F6}
		{96A7D07C-A209-4EDA-BC28-49F303E66701} = {A251BCE0-87B2-4A98-93F6-C4FF732B70F6}
		{CD581CB9-8380-42AC-9133-EDFBCC2ABA57} = {A251BCE0-87B2-4A98-93F6-C4FF732B70F6}
		{A6C795A2-CED8-4BD2-97D8-1EFCDB4E79B1} = {A251BCE0-87B2-4A98-93F6-C4FF732B70F6}
		{C6A41EA2-2CD9-477E-864A-C26BC2E7CB51} = {A251BCE0-87B2-4A98-93F6-C4FF732B70F6}
		{9D0CDC89-DF07-4CE8-8320-F469A4450302} = {A251BCE0-87B2-4A98-93F6-C4FF732B70F6}
		{136AC495-EDCE-4A7A-B04F-B5D4EF8DB76B} = {628A5EA6-FC99-43D1-AAA5-59AFF1B04A11}
		{839B89D8-B963-4EEE-A7E2-3CB7AC0B3AAD} = {A251BCE0-87B2-4A98-93F6-C4FF732B70F6}
		{1F78D3D2-B944-4E10-9018-896F7F4E5822} = {628A5EA6-FC99-43D1-AAA5-59AFF1B04A11}
	EndGlobalSection
	GlobalSection(ExtensibilityGlobals) = postSolution
		SolutionGuid = {CEE43466-B39B-47F8-A9CB-9331C33562EE}
	EndGlobalSection
EndGlobal
